{
  "requires": true,
  "lockfileVersion": 1,
  "dependencies": {
    "angular": {
      "version": "1.4.4",
      "resolved": "https://registry.npmjs.org/angular/-/angular-1.4.4.tgz",
      "integrity": "sha1-msJKpdOIAjOa+Z/mPGSn6XhJWLg="
    },
    "angular-resource": {
      "version": "1.4.4",
      "resolved": "https://registry.npmjs.org/angular-resource/-/angular-resource-1.4.4.tgz",
      "integrity": "sha1-kr6nq0j3UkCiN6LxobFcsRtc5Yg="
    },
    "angular-ui-bootstrap": {
      "version": "2.5.6",
      "resolved": "https://registry.npmjs.org/angular-ui-bootstrap/-/angular-ui-bootstrap-2.5.6.tgz",
      "integrity": "sha512-yzcHpPMLQl0232nDzm5P4iAFTFQ9dMw0QgFLuKYbDj9M0xJ62z0oudYD/Lvh1pWfRsukiytP4Xj6BHOSrSXP8A=="
    },
    "angular-ui-router": {
      "version": "0.2.15",
      "resolved": "https://registry.npmjs.org/angular-ui-router/-/angular-ui-router-0.2.15.tgz",
      "integrity": "sha1-h7YbqPK86FiVxmeaD5Pwq5dsuuU="
    },
    "bootstrap": {
      "version": "3.3.4",
      "resolved": "https://registry.npmjs.org/bootstrap/-/bootstrap-3.3.4.tgz",
      "integrity": "sha1-AjeLSmts56VeOt0e2uQa1590ZGo="
    }
  }
}
